
Microsoft Visual Studio Solution File, Format Version 12.00
# Visual Studio Version 17
VisualStudioVersion = 17.3.32804.467
MinimumVisualStudioVersion = 10.0.40219.1
Project("{2150E333-8FDC-42A3-9474-1A3956D46DE8}") = "src", "src", "{D2DC8BC1-21D3-4545-B1CB-08C5167DA2E4}"
EndProject
Project("{2150E333-8FDC-42A3-9474-1A3956D46DE8}") = "tests", "tests", "{63D6E2BF-E754-4326-B021-3F4D75A707BA}"
EndProject
Project("{E53339B2-1760-4266-BCC7-CA923CBCF16C}") = "docker-compose", "docker-compose.dcproj", "{0D5AFCFC-6607-4972-9773-4A309B9A1997}"
EndProject
Project("{9A19103F-16F7-4668-BE54-9A1E7A4F7556}") = "ExchangeRate.Abstraction", "src\ExchangeRate.Abstraction\ExchangeRate.Abstraction.csproj", "{D29EB7D8-9D68-4BC0-B87E-71E7065236C6}"
EndProject
Project("{9A19103F-16F7-4668-BE54-9A1E7A4F7556}") = "ExchangeRate.Api", "src\ExchangeRate.Api\ExchangeRate.Api.csproj", "{E4606ACF-3864-4EC8-A870-3AC3ECA1D1EF}"
EndProject
Project("{9A19103F-16F7-4668-BE54-9A1E7A4F7556}") = "ExchangeRate.Application", "src\ExchangeRate.Application\ExchangeRate.Application.csproj", "{7298C8EC-E75B-4856-953C-F6FDE4AAE7BC}"
EndProject
Project("{9A19103F-16F7-4668-BE54-9A1E7A4F7556}") = "ExchangeRate.Data", "src\ExchangeRate.Data\ExchangeRate.Data.csproj", "{C9E18B99-DB74-420A-9A63-4C3B8363F556}"
EndProject
Project("{FAE04EC0-301F-11D3-BF4B-00C04F79EFBC}") = "ExchangeRate.Infrastructure", "src\ExchangeRate.Infrastructure\ExchangeRate.Infrastructure.csproj", "{0C2B5FF9-7429-4DF8-9A23-89CED9942980}"
EndProject
Global
	GlobalSection(SolutionConfigurationPlatforms) = preSolution
		Debug|Any CPU = Debug|Any CPU
		Release|Any CPU = Release|Any CPU
	EndGlobalSection
	GlobalSection(ProjectConfigurationPlatforms) = postSolution
		{0D5AFCFC-6607-4972-9773-4A309B9A1997}.Debug|Any CPU.ActiveCfg = Debug|Any CPU
		{0D5AFCFC-6607-4972-9773-4A309B9A1997}.Debug|Any CPU.Build.0 = Debug|Any CPU
		{0D5AFCFC-6607-4972-9773-4A309B9A1997}.Release|Any CPU.ActiveCfg = Release|Any CPU
		{0D5AFCFC-6607-4972-9773-4A309B9A1997}.Release|Any CPU.Build.0 = Release|Any CPU
		{D29EB7D8-9D68-4BC0-B87E-71E7065236C6}.Debug|Any CPU.ActiveCfg = Debug|Any CPU
		{D29EB7D8-9D68-4BC0-B87E-71E7065236C6}.Debug|Any CPU.Build.0 = Debug|Any CPU
		{D29EB7D8-9D68-4BC0-B87E-71E7065236C6}.Release|Any CPU.ActiveCfg = Release|Any CPU
		{D29EB7D8-9D68-4BC0-B87E-71E7065236C6}.Release|Any CPU.Build.0 = Release|Any CPU
		{E4606ACF-3864-4EC8-A870-3AC3ECA1D1EF}.Debug|Any CPU.ActiveCfg = Debug|Any CPU
		{E4606ACF-3864-4EC8-A870-3AC3ECA1D1EF}.Debug|Any CPU.Build.0 = Debug|Any CPU
		{E4606ACF-3864-4EC8-A870-3AC3ECA1D1EF}.Release|Any CPU.ActiveCfg = Release|Any CPU
		{E4606ACF-3864-4EC8-A870-3AC3ECA1D1EF}.Release|Any CPU.Build.0 = Release|Any CPU
		{7298C8EC-E75B-4856-953C-F6FDE4AAE7BC}.Debug|Any CPU.ActiveCfg = Debug|Any CPU
		{7298C8EC-E75B-4856-953C-F6FDE4AAE7BC}.Debug|Any CPU.Build.0 = Debug|Any CPU
		{7298C8EC-E75B-4856-953C-F6FDE4AAE7BC}.Release|Any CPU.ActiveCfg = Release|Any CPU
		{7298C8EC-E75B-4856-953C-F6FDE4AAE7BC}.Release|Any CPU.Build.0 = Release|Any CPU
		{C9E18B99-DB74-420A-9A63-4C3B8363F556}.Debug|Any CPU.ActiveCfg = Debug|Any CPU
		{C9E18B99-DB74-420A-9A63-4C3B8363F556}.Debug|Any CPU.Build.0 = Debug|Any CPU
		{C9E18B99-DB74-420A-9A63-4C3B8363F556}.Release|Any CPU.ActiveCfg = Release|Any CPU
		{C9E18B99-DB74-420A-9A63-4C3B8363F556}.Release|Any CPU.Build.0 = Release|Any CPU
		{0C2B5FF9-7429-4DF8-9A23-89CED9942980}.Debug|Any CPU.ActiveCfg = Debug|Any CPU
		{0C2B5FF9-7429-4DF8-9A23-89CED9942980}.Debug|Any CPU.Build.0 = Debug|Any CPU
		{0C2B5FF9-7429-4DF8-9A23-89CED9942980}.Release|Any CPU.ActiveCfg = Release|Any CPU
		{0C2B5FF9-7429-4DF8-9A23-89CED9942980}.Release|Any CPU.Build.0 = Release|Any CPU
	EndGlobalSection
	GlobalSection(SolutionProperties) = preSolution
		HideSolutionNode = FALSE
	EndGlobalSection
	GlobalSection(NestedProjects) = preSolution
		{D29EB7D8-9D68-4BC0-B87E-71E7065236C6} = {D2DC8BC1-21D3-4545-B1CB-08C5167DA2E4}
		{E4606ACF-3864-4EC8-A870-3AC3ECA1D1EF} = {D2DC8BC1-21D3-4545-B1CB-08C5167DA2E4}
		{7298C8EC-E75B-4856-953C-F6FDE4AAE7BC} = {D2DC8BC1-21D3-4545-B1CB-08C5167DA2E4}
		{C9E18B99-DB74-420A-9A63-4C3B8363F556} = {D2DC8BC1-21D3-4545-B1CB-08C5167DA2E4}
		{0C2B5FF9-7429-4DF8-9A23-89CED9942980} = {D2DC8BC1-21D3-4545-B1CB-08C5167DA2E4}
	EndGlobalSection
	GlobalSection(ExtensibilityGlobals) = postSolution
		SolutionGuid = {F19A3E94-97DE-47A7-B12D-1143722B442B}
	EndGlobalSection
EndGlobal
